// !$*UTF8*$!
{
	archiveVersion = 1;
	classes = {
	};
	objectVersion = 46;
	objects = {

/* Begin PBXBuildFile section */
		7F1835CD183BA4D9005164EC /* ISAppDelegate.m in Sources */ = {isa = PBXBuildFile; fileRef = 7F1835C5183BA4D9005164EC /* ISAppDelegate.m */; };
		7F1835CE183BA4D9005164EC /* ISDemoViewController.m in Sources */ = {isa = PBXBuildFile; fileRef = 7F1835C7183BA4D9005164EC /* ISDemoViewController.m */; };
		7F1835CF183BA4D9005164EC /* ISManagedObject.m in Sources */ = {isa = PBXBuildFile; fileRef = 7F1835C9183BA4D9005164EC /* ISManagedObject.m */; };
		7F1835D0183BA4D9005164EC /* Main.storyboard in Resources */ = {isa = PBXBuildFile; fileRef = 7F1835CA183BA4D9005164EC /* Main.storyboard */; };
		7F1835D1183BA4D9005164EC /* Model.xcdatamodeld in Sources */ = {isa = PBXBuildFile; fileRef = 7F1835CB183BA4D9005164EC /* Model.xcdatamodeld */; };
		7F1835DC183BA6B2005164EC /* SenTestingKit.framework in Frameworks */ = {isa = PBXBuildFile; fileRef = 7F24FB11183BA36E0045FB41 /* SenTestingKit.framework */; };
		7F1835DD183BA6B2005164EC /* Foundation.framework in Frameworks */ = {isa = PBXBuildFile; fileRef = 7F24FA89183BA09E0045FB41 /* Foundation.framework */; };
		7F1835DE183BA6B2005164EC /* UIKit.framework in Frameworks */ = {isa = PBXBuildFile; fileRef = 7F24FB0D183BA3550045FB41 /* UIKit.framework */; };
		7F1835E4183BA6B2005164EC /* InfoPlist.strings in Resources */ = {isa = PBXBuildFile; fileRef = 7F1835E2183BA6B2005164EC /* InfoPlist.strings */; };
		7F1835EE183BA6C6005164EC /* ISPersistentStackTests.m in Sources */ = {isa = PBXBuildFile; fileRef = 7F1835ED183BA6C6005164EC /* ISPersistentStackTests.m */; };
		7F1835EF183BA6D4005164EC /* CoreData.framework in Frameworks */ = {isa = PBXBuildFile; fileRef = 7F24FB0F183BA3610045FB41 /* CoreData.framework */; };
		7F1835F0183BA740005164EC /* libISPersistentStack.a in Frameworks */ = {isa = PBXBuildFile; fileRef = 7F24FA86183BA09E0045FB41 /* libISPersistentStack.a */; };
		7F24FA8A183BA09E0045FB41 /* Foundation.framework in Frameworks */ = {isa = PBXBuildFile; fileRef = 7F24FA89183BA09E0045FB41 /* Foundation.framework */; };
		7F24FA8F183BA09E0045FB41 /* ISPersistentStack.h in CopyFiles */ = {isa = PBXBuildFile; fileRef = 7F24FA8E183BA09E0045FB41 /* ISPersistentStack.h */; };
		7F24FA91183BA09E0045FB41 /* ISPersistentStack.m in Sources */ = {isa = PBXBuildFile; fileRef = 7F24FA90183BA09E0045FB41 /* ISPersistentStack.m */; };
		7F24FACB183BA31C0045FB41 /* Foundation.framework in Frameworks */ = {isa = PBXBuildFile; fileRef = 7F24FA89183BA09E0045FB41 /* Foundation.framework */; };
		7F24FACD183BA31C0045FB41 /* CoreGraphics.framework in Frameworks */ = {isa = PBXBuildFile; fileRef = 7F24FACC183BA31C0045FB41 /* CoreGraphics.framework */; };
		7F24FAD4183BA31C0045FB41 /* InfoPlist.strings in Resources */ = {isa = PBXBuildFile; fileRef = 7F24FAD2183BA31C0045FB41 /* InfoPlist.strings */; };
		7F24FAD6183BA31C0045FB41 /* main.m in Sources */ = {isa = PBXBuildFile; fileRef = 7F24FAD5183BA31C0045FB41 /* main.m */; };
		7F24FADC183BA31C0045FB41 /* Images.xcassets in Resources */ = {isa = PBXBuildFile; fileRef = 7F24FADB183BA31C0045FB41 /* Images.xcassets */; };
		7F24FB0E183BA3550045FB41 /* UIKit.framework in Frameworks */ = {isa = PBXBuildFile; fileRef = 7F24FB0D183BA3550045FB41 /* UIKit.framework */; };
		7F24FB10183BA3610045FB41 /* CoreData.framework in Frameworks */ = {isa = PBXBuildFile; fileRef = 7F24FB0F183BA3610045FB41 /* CoreData.framework */; };
		9B41011753BB4CF49C2F1E3E /* libPods-UnitTests.a in Frameworks */ = {isa = PBXBuildFile; fileRef = 0F1BA11C7E6E4B87B72F1882 /* libPods-UnitTests.a */; };
/* End PBXBuildFile section */

/* Begin PBXContainerItemProxy section */
		7F1835E8183BA6B2005164EC /* PBXContainerItemProxy */ = {
			isa = PBXContainerItemProxy;
			containerPortal = 7F24FA7E183BA09E0045FB41 /* Project object */;
			proxyType = 1;
			remoteGlobalIDString = 7F24FAC9183BA31C0045FB41;
			remoteInfo = DemoApp;
		};
		7F24FB0B183BA34D0045FB41 /* PBXContainerItemProxy */ = {
			isa = PBXContainerItemProxy;
			containerPortal = 7F24FA7E183BA09E0045FB41 /* Project object */;
			proxyType = 1;
			remoteGlobalIDString = 7F24FA85183BA09E0045FB41;
			remoteInfo = ISPersistentStack;
		};
/* End PBXContainerItemProxy section */

/* Begin PBXCopyFilesBuildPhase section */
		7F24FA84183BA09E0045FB41 /* CopyFiles */ = {
			isa = PBXCopyFilesBuildPhase;
			buildActionMask = 2147483647;
			dstPath = "include/$(PRODUCT_NAME)";
			dstSubfolderSpec = 16;
			files = (
				7F24FA8F183BA09E0045FB41 /* ISPersistentStack.h in CopyFiles */,
			);
			runOnlyForDeploymentPostprocessing = 0;
		};
/* End PBXCopyFilesBuildPhase section */

/* Begin PBXFileReference section */
		0F1BA11C7E6E4B87B72F1882 /* libPods-UnitTests.a */ = {isa = PBXFileReference; explicitFileType = archive.ar; includeInIndex = 0; path = "libPods-UnitTests.a"; sourceTree = BUILT_PRODUCTS_DIR; };
		36D10FDDA81A44CD93766BEB /* Pods-UnitTests.xcconfig */ = {isa = PBXFileReference; includeInIndex = 1; lastKnownFileType = text.xcconfig; name = "Pods-UnitTests.xcconfig"; path = "Pods/Pods-UnitTests.xcconfig"; sourceTree = "<group>"; };
		7F1835C4183BA4D9005164EC /* ISAppDelegate.h */ = {isa = PBXFileReference; fileEncoding = 4; lastKnownFileType = sourcecode.c.h; path = ISAppDelegate.h; sourceTree = "<group>"; };
		7F1835C5183BA4D9005164EC /* ISAppDelegate.m */ = {isa = PBXFileReference; fileEncoding = 4; lastKnownFileType = sourcecode.c.objc; path = ISAppDelegate.m; sourceTree = "<group>"; };
		7F1835C6183BA4D9005164EC /* ISDemoViewController.h */ = {isa = PBXFileReference; fileEncoding = 4; lastKnownFileType = sourcecode.c.h; path = ISDemoViewController.h; sourceTree = "<group>"; };
		7F1835C7183BA4D9005164EC /* ISDemoViewController.m */ = {isa = PBXFileReference; fileEncoding = 4; lastKnownFileType = sourcecode.c.objc; path = ISDemoViewController.m; sourceTree = "<group>"; };
		7F1835C8183BA4D9005164EC /* ISManagedObject.h */ = {isa = PBXFileReference; fileEncoding = 4; lastKnownFileType = sourcecode.c.h; path = ISManagedObject.h; sourceTree = "<group>"; };
		7F1835C9183BA4D9005164EC /* ISManagedObject.m */ = {isa = PBXFileReference; fileEncoding = 4; lastKnownFileType = sourcecode.c.objc; path = ISManagedObject.m; sourceTree = "<group>"; };
		7F1835CA183BA4D9005164EC /* Main.storyboard */ = {isa = PBXFileReference; fileEncoding = 4; lastKnownFileType = file.storyboard; path = Main.storyboard; sourceTree = "<group>"; };
		7F1835CC183BA4D9005164EC /* Model.xcdatamodel */ = {isa = PBXFileReference; lastKnownFileType = wrapper.xcdatamodel; path = Model.xcdatamodel; sourceTree = "<group>"; };
		7F1835D4183BA674005164EC /* AudioToolbox.framework */ = {isa = PBXFileReference; lastKnownFileType = wrapper.framework; name = AudioToolbox.framework; path = System/Library/Frameworks/AudioToolbox.framework; sourceTree = SDKROOT; };
		7F1835DB183BA6B2005164EC /* UnitTests.octest */ = {isa = PBXFileReference; explicitFileType = wrapper.cfbundle; includeInIndex = 0; path = UnitTests.octest; sourceTree = BUILT_PRODUCTS_DIR; };
		7F1835E1183BA6B2005164EC /* UnitTests-Info.plist */ = {isa = PBXFileReference; lastKnownFileType = text.plist.xml; path = "UnitTests-Info.plist"; sourceTree = "<group>"; };
		7F1835E3183BA6B2005164EC /* en */ = {isa = PBXFileReference; lastKnownFileType = text.plist.strings; name = en; path = en.lproj/InfoPlist.strings; sourceTree = "<group>"; };
		7F1835E7183BA6B2005164EC /* UnitTests-Prefix.pch */ = {isa = PBXFileReference; lastKnownFileType = sourcecode.c.h; path = "UnitTests-Prefix.pch"; sourceTree = "<group>"; };
		7F1835ED183BA6C6005164EC /* ISPersistentStackTests.m */ = {isa = PBXFileReference; fileEncoding = 4; lastKnownFileType = sourcecode.c.objc; path = ISPersistentStackTests.m; sourceTree = "<group>"; };
		7F24FA86183BA09E0045FB41 /* libISPersistentStack.a */ = {isa = PBXFileReference; explicitFileType = archive.ar; includeInIndex = 0; path = libISPersistentStack.a; sourceTree = BUILT_PRODUCTS_DIR; };
		7F24FA89183BA09E0045FB41 /* Foundation.framework */ = {isa = PBXFileReference; lastKnownFileType = wrapper.framework; name = Foundation.framework; path = System/Library/Frameworks/Foundation.framework; sourceTree = SDKROOT; };
		7F24FA8D183BA09E0045FB41 /* ISPersistentStack-Prefix.pch */ = {isa = PBXFileReference; lastKnownFileType = sourcecode.c.h; path = "ISPersistentStack-Prefix.pch"; sourceTree = "<group>"; };
		7F24FA8E183BA09E0045FB41 /* ISPersistentStack.h */ = {isa = PBXFileReference; lastKnownFileType = sourcecode.c.h; path = ISPersistentStack.h; sourceTree = "<group>"; };
		7F24FA90183BA09E0045FB41 /* ISPersistentStack.m */ = {isa = PBXFileReference; lastKnownFileType = sourcecode.c.objc; path = ISPersistentStack.m; sourceTree = "<group>"; };
		7F24FA97183BA09E0045FB41 /* XCTest.framework */ = {isa = PBXFileReference; lastKnownFileType = wrapper.framework; name = XCTest.framework; path = Library/Frameworks/XCTest.framework; sourceTree = DEVELOPER_DIR; };
		7F24FA9A183BA09E0045FB41 /* UIKit.framework */ = {isa = PBXFileReference; lastKnownFileType = wrapper.framework; name = UIKit.framework; path = Library/Frameworks/UIKit.framework; sourceTree = DEVELOPER_DIR; };
		7F24FAB4183BA30F0045FB41 /* SenTestingKit.framework */ = {isa = PBXFileReference; lastKnownFileType = wrapper.framework; name = SenTestingKit.framework; path = Library/Frameworks/SenTestingKit.framework; sourceTree = DEVELOPER_DIR; };
		7F24FACA183BA31C0045FB41 /* DemoApp.app */ = {isa = PBXFileReference; explicitFileType = wrapper.application; includeInIndex = 0; path = DemoApp.app; sourceTree = BUILT_PRODUCTS_DIR; };
		7F24FACC183BA31C0045FB41 /* CoreGraphics.framework */ = {isa = PBXFileReference; lastKnownFileType = wrapper.framework; name = CoreGraphics.framework; path = System/Library/Frameworks/CoreGraphics.framework; sourceTree = SDKROOT; };
		7F24FAD1183BA31C0045FB41 /* DemoApp-Info.plist */ = {isa = PBXFileReference; lastKnownFileType = text.plist.xml; path = "DemoApp-Info.plist"; sourceTree = "<group>"; };
		7F24FAD3183BA31C0045FB41 /* en */ = {isa = PBXFileReference; lastKnownFileType = text.plist.strings; name = en; path = en.lproj/InfoPlist.strings; sourceTree = "<group>"; };
		7F24FAD5183BA31C0045FB41 /* main.m */ = {isa = PBXFileReference; lastKnownFileType = sourcecode.c.objc; path = main.m; sourceTree = "<group>"; };
		7F24FAD7183BA31C0045FB41 /* DemoApp-Prefix.pch */ = {isa = PBXFileReference; lastKnownFileType = sourcecode.c.h; path = "DemoApp-Prefix.pch"; sourceTree = "<group>"; };
		7F24FADB183BA31C0045FB41 /* Images.xcassets */ = {isa = PBXFileReference; lastKnownFileType = folder.assetcatalog; path = Images.xcassets; sourceTree = "<group>"; };
		7F24FB0D183BA3550045FB41 /* UIKit.framework */ = {isa = PBXFileReference; lastKnownFileType = wrapper.framework; name = UIKit.framework; path = System/Library/Frameworks/UIKit.framework; sourceTree = SDKROOT; };
		7F24FB0F183BA3610045FB41 /* CoreData.framework */ = {isa = PBXFileReference; lastKnownFileType = wrapper.framework; name = CoreData.framework; path = System/Library/Frameworks/CoreData.framework; sourceTree = SDKROOT; };
		7F24FB11183BA36E0045FB41 /* SenTestingKit.framework */ = {isa = PBXFileReference; lastKnownFileType = wrapper.framework; name = SenTestingKit.framework; path = Library/Frameworks/SenTestingKit.framework; sourceTree = DEVELOPER_DIR; };
/* End PBXFileReference section */

/* Begin PBXFrameworksBuildPhase section */
		7F1835D8183BA6B2005164EC /* Frameworks */ = {
			isa = PBXFrameworksBuildPhase;
			buildActionMask = 2147483647;
			files = (
				7F1835EF183BA6D4005164EC /* CoreData.framework in Frameworks */,
				7F1835DC183BA6B2005164EC /* SenTestingKit.framework in Frameworks */,
				7F1835DE183BA6B2005164EC /* UIKit.framework in Frameworks */,
				7F1835DD183BA6B2005164EC /* Foundation.framework in Frameworks */,
				9B41011753BB4CF49C2F1E3E /* libPods-UnitTests.a in Frameworks */,
			);
			runOnlyForDeploymentPostprocessing = 0;
		};
		7F24FA83183BA09E0045FB41 /* Frameworks */ = {
			isa = PBXFrameworksBuildPhase;
			buildActionMask = 2147483647;
			files = (
				7F24FA8A183BA09E0045FB41 /* Foundation.framework in Frameworks */,
			);
			runOnlyForDeploymentPostprocessing = 0;
		};
		7F24FAC7183BA31C0045FB41 /* Frameworks */ = {
			isa = PBXFrameworksBuildPhase;
			buildActionMask = 2147483647;
			files = (
				7F1835F0183BA740005164EC /* libISPersistentStack.a in Frameworks */,
				7F24FB10183BA3610045FB41 /* CoreData.framework in Frameworks */,
				7F24FB0E183BA3550045FB41 /* UIKit.framework in Frameworks */,
				7F24FACD183BA31C0045FB41 /* CoreGraphics.framework in Frameworks */,
				7F24FACB183BA31C0045FB41 /* Foundation.framework in Frameworks */,
			);
			runOnlyForDeploymentPostprocessing = 0;
		};
/* End PBXFrameworksBuildPhase section */

/* Begin PBXGroup section */
		7F1835DF183BA6B2005164EC /* UnitTests */ = {
			isa = PBXGroup;
			children = (
				7F1835ED183BA6C6005164EC /* ISPersistentStackTests.m */,
				7F1835E0183BA6B2005164EC /* Supporting Files */,
			);
			path = UnitTests;
			sourceTree = "<group>";
		};
		7F1835E0183BA6B2005164EC /* Supporting Files */ = {
			isa = PBXGroup;
			children = (
				7F1835E1183BA6B2005164EC /* UnitTests-Info.plist */,
				7F1835E2183BA6B2005164EC /* InfoPlist.strings */,
				7F1835E7183BA6B2005164EC /* UnitTests-Prefix.pch */,
			);
			name = "Supporting Files";
			sourceTree = "<group>";
		};
		7F24FA7D183BA09E0045FB41 = {
			isa = PBXGroup;
			children = (
				7F24FA8B183BA09E0045FB41 /* ISPersistentStack */,
				7F24FACF183BA31C0045FB41 /* DemoApp */,
				7F1835DF183BA6B2005164EC /* UnitTests */,
				7F24FA88183BA09E0045FB41 /* Frameworks */,
				7F24FA87183BA09E0045FB41 /* Products */,
				36D10FDDA81A44CD93766BEB /* Pods-UnitTests.xcconfig */,
			);
			sourceTree = "<group>";
		};
		7F24FA87183BA09E0045FB41 /* Products */ = {
			isa = PBXGroup;
			children = (
				7F24FA86183BA09E0045FB41 /* libISPersistentStack.a */,
				7F24FACA183BA31C0045FB41 /* DemoApp.app */,
				7F1835DB183BA6B2005164EC /* UnitTests.octest */,
			);
			name = Products;
			sourceTree = "<group>";
		};
		7F24FA88183BA09E0045FB41 /* Frameworks */ = {
			isa = PBXGroup;
			children = (
				7F1835D4183BA674005164EC /* AudioToolbox.framework */,
				7F24FB11183BA36E0045FB41 /* SenTestingKit.framework */,
				7F24FB0F183BA3610045FB41 /* CoreData.framework */,
				7F24FB0D183BA3550045FB41 /* UIKit.framework */,
				7F24FA89183BA09E0045FB41 /* Foundation.framework */,
				7F24FA97183BA09E0045FB41 /* XCTest.framework */,
				7F24FA9A183BA09E0045FB41 /* UIKit.framework */,
				7F24FAB4183BA30F0045FB41 /* SenTestingKit.framework */,
				7F24FACC183BA31C0045FB41 /* CoreGraphics.framework */,
				0F1BA11C7E6E4B87B72F1882 /* libPods-UnitTests.a */,
			);
			name = Frameworks;
			sourceTree = "<group>";
		};
		7F24FA8B183BA09E0045FB41 /* ISPersistentStack */ = {
			isa = PBXGroup;
			children = (
				7F24FA8E183BA09E0045FB41 /* ISPersistentStack.h */,
				7F24FA90183BA09E0045FB41 /* ISPersistentStack.m */,
				7F24FA8C183BA09E0045FB41 /* Supporting Files */,
			);
			path = ISPersistentStack;
			sourceTree = "<group>";
		};
		7F24FA8C183BA09E0045FB41 /* Supporting Files */ = {
			isa = PBXGroup;
			children = (
				7F24FA8D183BA09E0045FB41 /* ISPersistentStack-Prefix.pch */,
			);
			name = "Supporting Files";
			sourceTree = "<group>";
		};
		7F24FACF183BA31C0045FB41 /* DemoApp */ = {
			isa = PBXGroup;
			children = (
				7F1835CA183BA4D9005164EC /* Main.storyboard */,
				7F1835CB183BA4D9005164EC /* Model.xcdatamodeld */,
				7F1835C4183BA4D9005164EC /* ISAppDelegate.h */,
				7F1835C5183BA4D9005164EC /* ISAppDelegate.m */,
				7F1835C6183BA4D9005164EC /* ISDemoViewController.h */,
				7F1835C7183BA4D9005164EC /* ISDemoViewController.m */,
				7F1835C8183BA4D9005164EC /* ISManagedObject.h */,
				7F1835C9183BA4D9005164EC /* ISManagedObject.m */,
				7F24FADB183BA31C0045FB41 /* Images.xcassets */,
				7F24FAD0183BA31C0045FB41 /* Supporting Files */,
			);
			path = DemoApp;
			sourceTree = "<group>";
		};
		7F24FAD0183BA31C0045FB41 /* Supporting Files */ = {
			isa = PBXGroup;
			children = (
				7F24FAD1183BA31C0045FB41 /* DemoApp-Info.plist */,
				7F24FAD2183BA31C0045FB41 /* InfoPlist.strings */,
				7F24FAD5183BA31C0045FB41 /* main.m */,
				7F24FAD7183BA31C0045FB41 /* DemoApp-Prefix.pch */,
			);
			name = "Supporting Files";
			sourceTree = "<group>";
		};
/* End PBXGroup section */

/* Begin PBXNativeTarget section */
		7F1835DA183BA6B2005164EC /* UnitTests */ = {
			isa = PBXNativeTarget;
			buildConfigurationList = 7F1835EA183BA6B2005164EC /* Build configuration list for PBXNativeTarget "UnitTests" */;
			buildPhases = (
				AF1D8EF89AED45FCB4EC0CA7 /* Check Pods Manifest.lock */,
				7F1835D7183BA6B2005164EC /* Sources */,
				7F1835D8183BA6B2005164EC /* Frameworks */,
				7F1835D9183BA6B2005164EC /* Resources */,
				4C76E3E216DA4F8DB1F2D4A6 /* Copy Pods Resources */,
			);
			buildRules = (
			);
			dependencies = (
				7F1835E9183BA6B2005164EC /* PBXTargetDependency */,
			);
			name = UnitTests;
			productName = UnitTests;
			productReference = 7F1835DB183BA6B2005164EC /* UnitTests.octest */;
			productType = "com.apple.product-type.bundle";
		};
		7F24FA85183BA09E0045FB41 /* ISPersistentStack */ = {
			isa = PBXNativeTarget;
			buildConfigurationList = 7F24FAA9183BA09E0045FB41 /* Build configuration list for PBXNativeTarget "ISPersistentStack" */;
			buildPhases = (
				7F24FA82183BA09E0045FB41 /* Sources */,
				7F24FA83183BA09E0045FB41 /* Frameworks */,
				7F24FA84183BA09E0045FB41 /* CopyFiles */,
			);
			buildRules = (
			);
			dependencies = (
			);
			name = ISPersistentStack;
			productName = ISPersistentStack;
			productReference = 7F24FA86183BA09E0045FB41 /* libISPersistentStack.a */;
			productType = "com.apple.product-type.library.static";
		};
		7F24FAC9183BA31C0045FB41 /* DemoApp */ = {
			isa = PBXNativeTarget;
			buildConfigurationList = 7F24FAEF183BA31C0045FB41 /* Build configuration list for PBXNativeTarget "DemoApp" */;
			buildPhases = (
				7F24FAC6183BA31C0045FB41 /* Sources */,
				7F24FAC7183BA31C0045FB41 /* Frameworks */,
				7F24FAC8183BA31C0045FB41 /* Resources */,
			);
			buildRules = (
			);
			dependencies = (
				7F24FB0C183BA34D0045FB41 /* PBXTargetDependency */,
			);
			name = DemoApp;
			productName = DemoApp;
			productReference = 7F24FACA183BA31C0045FB41 /* DemoApp.app */;
			productType = "com.apple.product-type.application";
		};
/* End PBXNativeTarget section */

/* Begin PBXProject section */
		7F24FA7E183BA09E0045FB41 /* Project object */ = {
			isa = PBXProject;
			attributes = {
				LastUpgradeCheck = 0500;
				ORGANIZATIONNAME = "Yosuke Ishikawa";
				TargetAttributes = {
					7F1835DA183BA6B2005164EC = {
						TestTargetID = 7F24FAC9183BA31C0045FB41;
					};
				};
			};
			buildConfigurationList = 7F24FA81183BA09E0045FB41 /* Build configuration list for PBXProject "ISPersistentStack" */;
			compatibilityVersion = "Xcode 3.2";
			developmentRegion = English;
			hasScannedForEncodings = 0;
			knownRegions = (
				en,
			);
			mainGroup = 7F24FA7D183BA09E0045FB41;
			productRefGroup = 7F24FA87183BA09E0045FB41 /* Products */;
			projectDirPath = "";
			projectRoot = "";
			targets = (
				7F24FA85183BA09E0045FB41 /* ISPersistentStack */,
				7F24FAC9183BA31C0045FB41 /* DemoApp */,
				7F1835DA183BA6B2005164EC /* UnitTests */,
			);
		};
/* End PBXProject section */

/* Begin PBXResourcesBuildPhase section */
		7F1835D9183BA6B2005164EC /* Resources */ = {
			isa = PBXResourcesBuildPhase;
			buildActionMask = 2147483647;
			files = (
				7F1835E4183BA6B2005164EC /* InfoPlist.strings in Resources */,
			);
			runOnlyForDeploymentPostprocessing = 0;
		};
		7F24FAC8183BA31C0045FB41 /* Resources */ = {
			isa = PBXResourcesBuildPhase;
			buildActionMask = 2147483647;
			files = (
				7F1835D0183BA4D9005164EC /* Main.storyboard in Resources */,
				7F24FAD4183BA31C0045FB41 /* InfoPlist.strings in Resources */,
				7F24FADC183BA31C0045FB41 /* Images.xcassets in Resources */,
			);
			runOnlyForDeploymentPostprocessing = 0;
		};
/* End PBXResourcesBuildPhase section */

/* Begin PBXShellScriptBuildPhase section */
		4C76E3E216DA4F8DB1F2D4A6 /* Copy Pods Resources */ = {
			isa = PBXShellScriptBuildPhase;
			buildActionMask = 2147483647;
			files = (
			);
			inputPaths = (
			);
			name = "Copy Pods Resources";
			outputPaths = (
			);
			runOnlyForDeploymentPostprocessing = 0;
			shellPath = /bin/sh;
			shellScript = "\"${SRCROOT}/Pods/Pods-UnitTests-resources.sh\"\n";
			showEnvVarsInLog = 0;
		};
		AF1D8EF89AED45FCB4EC0CA7 /* Check Pods Manifest.lock */ = {
			isa = PBXShellScriptBuildPhase;
			buildActionMask = 2147483647;
			files = (
			);
			inputPaths = (
			);
			name = "Check Pods Manifest.lock";
			outputPaths = (
			);
			runOnlyForDeploymentPostprocessing = 0;
			shellPath = /bin/sh;
			shellScript = "diff \"${PODS_ROOT}/../Podfile.lock\" \"${PODS_ROOT}/Manifest.lock\" > /dev/null\nif [[ $? != 0 ]] ; then\n    cat << EOM\nerror: The sandbox is not in sync with the Podfile.lock. Run 'pod install' or update your CocoaPods installation.\nEOM\n    exit 1\nfi\n";
			showEnvVarsInLog = 0;
		};
/* End PBXShellScriptBuildPhase section */

/* Begin PBXSourcesBuildPhase section */
		7F1835D7183BA6B2005164EC /* Sources */ = {
			isa = PBXSourcesBuildPhase;
			buildActionMask = 2147483647;
			files = (
				7F1835EE183BA6C6005164EC /* ISPersistentStackTests.m in Sources */,
			);
			runOnlyForDeploymentPostprocessing = 0;
		};
		7F24FA82183BA09E0045FB41 /* Sources */ = {
			isa = PBXSourcesBuildPhase;
			buildActionMask = 2147483647;
			files = (
				7F24FA91183BA09E0045FB41 /* ISPersistentStack.m in Sources */,
			);
			runOnlyForDeploymentPostprocessing = 0;
		};
		7F24FAC6183BA31C0045FB41 /* Sources */ = {
			isa = PBXSourcesBuildPhase;
			buildActionMask = 2147483647;
			files = (
				7F1835CF183BA4D9005164EC /* ISManagedObject.m in Sources */,
				7F1835CD183BA4D9005164EC /* ISAppDelegate.m in Sources */,
				7F1835D1183BA4D9005164EC /* Model.xcdatamodeld in Sources */,
				7F24FAD6183BA31C0045FB41 /* main.m in Sources */,
				7F1835CE183BA4D9005164EC /* ISDemoViewController.m in Sources */,
			);
			runOnlyForDeploymentPostprocessing = 0;
		};
/* End PBXSourcesBuildPhase section */

/* Begin PBXTargetDependency section */
		7F1835E9183BA6B2005164EC /* PBXTargetDependency */ = {
			isa = PBXTargetDependency;
			target = 7F24FAC9183BA31C0045FB41 /* DemoApp */;
			targetProxy = 7F1835E8183BA6B2005164EC /* PBXContainerItemProxy */;
		};
		7F24FB0C183BA34D0045FB41 /* PBXTargetDependency */ = {
			isa = PBXTargetDependency;
			target = 7F24FA85183BA09E0045FB41 /* ISPersistentStack */;
			targetProxy = 7F24FB0B183BA34D0045FB41 /* PBXContainerItemProxy */;
		};
/* End PBXTargetDependency section */

/* Begin PBXVariantGroup section */
		7F1835E2183BA6B2005164EC /* InfoPlist.strings */ = {
			isa = PBXVariantGroup;
			children = (
				7F1835E3183BA6B2005164EC /* en */,
			);
			name = InfoPlist.strings;
			sourceTree = "<group>";
		};
		7F24FAD2183BA31C0045FB41 /* InfoPlist.strings */ = {
			isa = PBXVariantGroup;
			children = (
				7F24FAD3183BA31C0045FB41 /* en */,
			);
			name = InfoPlist.strings;
			sourceTree = "<group>";
		};
/* End PBXVariantGroup section */

/* Begin XCBuildConfiguration section */
		7F1835EB183BA6B2005164EC /* Debug */ = {
			isa = XCBuildConfiguration;
			baseConfigurationReference = 36D10FDDA81A44CD93766BEB /* Pods-UnitTests.xcconfig */;
			buildSettings = {
				ARCHS = "$(ARCHS_STANDARD_INCLUDING_64_BIT)";
				BUNDLE_LOADER = "$(BUILT_PRODUCTS_DIR)/DemoApp.app/DemoApp";
				FRAMEWORK_SEARCH_PATHS = (
					"$(SDKROOT)/Developer/Library/Frameworks",
					"$(inherited)",
					"$(DEVELOPER_FRAMEWORKS_DIR)",
				);
				GCC_PRECOMPILE_PREFIX_HEADER = YES;
				GCC_PREFIX_HEADER = "UnitTests/UnitTests-Prefix.pch";
				GCC_PREPROCESSOR_DEFINITIONS = (
					"DEBUG=1",
					"$(inherited)",
				);
				INFOPLIST_FILE = "UnitTests/UnitTests-Info.plist";
				PRODUCT_NAME = "$(TARGET_NAME)";
				TEST_HOST = "$(BUNDLE_LOADER)";
				WRAPPER_EXTENSION = octest;
			};
			name = Debug;
		};
		7F1835EC183BA6B2005164EC /* Release */ = {
			isa = XCBuildConfiguration;
			baseConfigurationReference = 36D10FDDA81A44CD93766BEB /* Pods-UnitTests.xcconfig */;
			buildSettings = {
				ARCHS = "$(ARCHS_STANDARD_INCLUDING_64_BIT)";
				BUNDLE_LOADER = "$(BUILT_PRODUCTS_DIR)/DemoApp.app/DemoApp";
				FRAMEWORK_SEARCH_PATHS = (
					"$(SDKROOT)/Developer/Library/Frameworks",
					"$(inherited)",
					"$(DEVELOPER_FRAMEWORKS_DIR)",
				);
				GCC_PRECOMPILE_PREFIX_HEADER = YES;
				GCC_PREFIX_HEADER = "UnitTests/UnitTests-Prefix.pch";
				INFOPLIST_FILE = "UnitTests/UnitTests-Info.plist";
				PRODUCT_NAME = "$(TARGET_NAME)";
				TEST_HOST = "$(BUNDLE_LOADER)";
				WRAPPER_EXTENSION = octest;
			};
			name = Release;
		};
		7F24FAA7183BA09E0045FB41 /* Debug */ = {
			isa = XCBuildConfiguration;
			buildSettings = {
				ALWAYS_SEARCH_USER_PATHS = NO;
				ARCHS = "$(ARCHS_STANDARD)";
				CLANG_CXX_LANGUAGE_STANDARD = "gnu++0x";
				CLANG_CXX_LIBRARY = "libc++";
				CLANG_ENABLE_MODULES = YES;
				CLANG_ENABLE_OBJC_ARC = YES;
				CLANG_WARN_BOOL_CONVERSION = YES;
				CLANG_WARN_CONSTANT_CONVERSION = YES;
				CLANG_WARN_DIRECT_OBJC_ISA_USAGE = YES_ERROR;
				CLANG_WARN_EMPTY_BODY = YES;
				CLANG_WARN_ENUM_CONVERSION = YES;
				CLANG_WARN_INT_CONVERSION = YES;
				CLANG_WARN_OBJC_ROOT_CLASS = YES_ERROR;
				CLANG_WARN__DUPLICATE_METHOD_MATCH = YES;
				COPY_PHASE_STRIP = NO;
				GCC_C_LANGUAGE_STANDARD = gnu99;
				GCC_DYNAMIC_NO_PIC = NO;
				GCC_OPTIMIZATION_LEVEL = 0;
				GCC_PREPROCESSOR_DEFINITIONS = (
					"DEBUG=1",
					"$(inherited)",
				);
				GCC_SYMBOLS_PRIVATE_EXTERN = NO;
				GCC_WARN_64_TO_32_BIT_CONVERSION = YES;
				GCC_WARN_ABOUT_RETURN_TYPE = YES_ERROR;
				GCC_WARN_UNDECLARED_SELECTOR = YES;
				GCC_WARN_UNINITIALIZED_AUTOS = YES;
				GCC_WARN_UNUSED_FUNCTION = YES;
				GCC_WARN_UNUSED_VARIABLE = YES;
				IPHONEOS_DEPLOYMENT_TARGET = 5.0;
				ONLY_ACTIVE_ARCH = YES;
				SDKROOT = iphoneos;
			};
			name = Debug;
		};
		7F24FAA8183BA09E0045FB41 /* Release */ = {
			isa = XCBuildConfiguration;
			buildSettings = {
				ALWAYS_SEARCH_USER_PATHS = NO;
				ARCHS = "$(ARCHS_STANDARD)";
				CLANG_CXX_LANGUAGE_STANDARD = "gnu++0x";
				CLANG_CXX_LIBRARY = "libc++";
				CLANG_ENABLE_MODULES = YES;
				CLANG_ENABLE_OBJC_ARC = YES;
				CLANG_WARN_BOOL_CONVERSION = YES;
				CLANG_WARN_CONSTANT_CONVERSION = YES;
				CLANG_WARN_DIRECT_OBJC_ISA_USAGE = YES_ERROR;
				CLANG_WARN_EMPTY_BODY = YES;
				CLANG_WARN_ENUM_CONVERSION = YES;
				CLANG_WARN_INT_CONVERSION = YES;
				CLANG_WARN_OBJC_ROOT_CLASS = YES_ERROR;
				CLANG_WARN__DUPLICATE_METHOD_MATCH = YES;
				COPY_PHASE_STRIP = YES;
				ENABLE_NS_ASSERTIONS = NO;
				GCC_C_LANGUAGE_STANDARD = gnu99;
				GCC_WARN_64_TO_32_BIT_CONVERSION = YES;
				GCC_WARN_ABOUT_RETURN_TYPE = YES_ERROR;
				GCC_WARN_UNDECLARED_SELECTOR = YES;
				GCC_WARN_UNINITIALIZED_AUTOS = YES;
				GCC_WARN_UNUSED_FUNCTION = YES;
				GCC_WARN_UNUSED_VARIABLE = YES;
				IPHONEOS_DEPLOYMENT_TARGET = 5.0;
				SDKROOT = iphoneos;
				VALIDATE_PRODUCT = YES;
			};
			name = Release;
		};
		7F24FAAA183BA09E0045FB41 /* Debug */ = {
			isa = XCBuildConfiguration;
			buildSettings = {
				DSTROOT = /tmp/ISPersistentStack.dst;
				GCC_PRECOMPILE_PREFIX_HEADER = YES;
				GCC_PREFIX_HEADER = "ISPersistentStack/ISPersistentStack-Prefix.pch";
				OTHER_LDFLAGS = "-ObjC";
				PRODUCT_NAME = "$(TARGET_NAME)";
				SKIP_INSTALL = YES;
			};
			name = Debug;
		};
		7F24FAAB183BA09E0045FB41 /* Release */ = {
			isa = XCBuildConfiguration;
			buildSettings = {
				DSTROOT = /tmp/ISPersistentStack.dst;
				GCC_PRECOMPILE_PREFIX_HEADER = YES;
				GCC_PREFIX_HEADER = "ISPersistentStack/ISPersistentStack-Prefix.pch";
				OTHER_LDFLAGS = "-ObjC";
				PRODUCT_NAME = "$(TARGET_NAME)";
				SKIP_INSTALL = YES;
			};
			name = Release;
		};
		7F24FAF0183BA31C0045FB41 /* Debug */ = {
			isa = XCBuildConfiguration;
			buildSettings = {
				ARCHS = "$(ARCHS_STANDARD_INCLUDING_64_BIT)";
				ASSETCATALOG_COMPILER_APPICON_NAME = AppIcon;
				ASSETCATALOG_COMPILER_LAUNCHIMAGE_NAME = LaunchImage;
				"CODE_SIGN_IDENTITY[sdk=iphoneos*]" = "iPhone Developer";
				FRAMEWORK_SEARCH_PATHS = (
					"$(inherited)",
					"$(DEVELOPER_FRAMEWORKS_DIR)",
				);
				GCC_PRECOMPILE_PREFIX_HEADER = YES;
				GCC_PREFIX_HEADER = "DemoApp/DemoApp-Prefix.pch";
				GCC_PREPROCESSOR_DEFINITIONS = (
					"DEBUG=1",
					"$(inherited)",
				);
				INFOPLIST_FILE = "DemoApp/DemoApp-Info.plist";
				PRODUCT_NAME = "$(TARGET_NAME)";
				WRAPPER_EXTENSION = app;
			};
			name = Debug;
		};
		7F24FAF1183BA31C0045FB41 /* Release */ = {
			isa = XCBuildConfiguration;
			buildSettings = {
				ARCHS = "$(ARCHS_STANDARD_INCLUDING_64_BIT)";
				ASSETCATALOG_COMPILER_APPICON_NAME = AppIcon;
				ASSETCATALOG_COMPILER_LAUNCHIMAGE_NAME = LaunchImage;
				"CODE_SIGN_IDENTITY[sdk=iphoneos*]" = "iPhone Developer";
				FRAMEWORK_SEARCH_PATHS = (
					"$(inherited)",
					"$(DEVELOPER_FRAMEWORKS_DIR)",
				);
				GCC_PRECOMPILE_PREFIX_HEADER = YES;
				GCC_PREFIX_HEADER = "DemoApp/DemoApp-Prefix.pch";
				INFOPLIST_FILE = "DemoApp/DemoApp-Info.plist";
				PRODUCT_NAME = "$(TARGET_NAME)";
				WRAPPER_EXTENSION = app;
			};
			name = Release;
		};
/* End XCBuildConfiguration section */

/* Begin XCConfigurationList section */
		7F1835EA183BA6B2005164EC /* Build configuration list for PBXNativeTarget "UnitTests" */ = {
			isa = XCConfigurationList;
			buildConfigurations = (
				7F1835EB183BA6B2005164EC /* Debug */,
				7F1835EC183BA6B2005164EC /* Release */,
			);
			defaultConfigurationIsVisible = 0;
			defaultConfigurationName = Release;
		};
		7F24FA81183BA09E0045FB41 /* Build configuration list for PBXProject "ISPersistentStack" */ = {
			isa = XCConfigurationList;
			buildConfigurations = (
				7F24FAA7183BA09E0045FB41 /* Debug */,
				7F24FAA8183BA09E0045FB41 /* Release */,
			);
			defaultConfigurationIsVisible = 0;
			defaultConfigurationName = Release;
		};
		7F24FAA9183BA09E0045FB41 /* Build configuration list for PBXNativeTarget "ISPersistentStack" */ = {
			isa = XCConfigurationList;
			buildConfigurations = (
				7F24FAAA183BA09E0045FB41 /* Debug */,
				7F24FAAB183BA09E0045FB41 /* Release */,
			);
			defaultConfigurationIsVisible = 0;
			defaultConfigurationName = Release;
		};
		7F24FAEF183BA31C0045FB41 /* Build configuration list for PBXNativeTarget "DemoApp" */ = {
			isa = XCConfigurationList;
			buildConfigurations = (
				7F24FAF0183BA31C0045FB41 /* Debug */,
				7F24FAF1183BA31C0045FB41 /* Release */,
			);
			defaultConfigurationIsVisible = 0;
			defaultConfigurationName = Release;
		};
/* End XCConfigurationList section */

/* Begin XCVersionGroup section */
		7F1835CB183BA4D9005164EC /* Model.xcdatamodeld */ = {
			isa = XCVersionGroup;
			children = (
				7F1835CC183BA4D9005164EC /* Model.xcdatamodel */,
			);
			currentVersion = 7F1835CC183BA4D9005164EC /* Model.xcdatamodel */;
			path = Model.xcdatamodeld;
			sourceTree = "<group>";
			versionGroupType = wrapper.xcdatamodel;
		};
/* End XCVersionGroup section */
	};
	rootObject = 7F24FA7E183BA09E0045FB41 /* Project object */;
}
